GEM
  remote: https://rubygems.org/
  specs:
    base64 (0.3.0)
    elastic-transport (8.4.1)
      faraday (< 3)
      multi_json
    elasticsearch (9.3.0)
      elastic-transport (~> 8.3)
      elasticsearch-api (= 9.3.0)
    elasticsearch-api (9.3.0)
      base64
      multi_json
    faraday (2.14.1)
      faraday-net_http (>= 2.0, < 3.5)
      json
      logger
    faraday-net_http (3.4.2)
      net-http (~> 0.5)
    json (2.18.1)
    logger (1.7.0)
    multi_json (1.19.1)
    net-http (0.9.1)
      uri (>= 0.11.1)
    uri (1.1.1)

PLATFORMS
  ruby

DEPENDENCIES
  elasticsearch (>= 1.0.2)

BUNDLED WITH
   2.3.27
